
Microsoft Visual Studio Solution File, Format Version 12.00
# Visual Studio 15
VisualStudioVersion = 15.0.28307.572
MinimumVisualStudioVersion = 10.0.40219.1
Project("{FAE04EC0-301F-11D3-BF4B-00C04F79EFBC}") = "DomainTest", "DomainTest\DomainTest.csproj", "{B0107BFA-6999-4B0D-9D2E-F8AA1EDCA8A7}"
EndProject
Global
	GlobalSection(SolutionConfigurationPlatforms) = preSolution
		Debug|Any CPU = Debug|Any CPU
		Release|Any CPU = Release|Any CPU
	EndGlobalSection
	GlobalSection(ProjectConfigurationPlatforms) = postSolution
		{B0107BFA-6999-4B0D-9D2E-F8AA1EDCA8A7}.Debug|Any CPU.ActiveCfg = Debug|Any CPU
		{B0107BFA-6999-4B0D-9D2E-F8AA1EDCA8A7}.Debug|Any CPU.Build.0 = Debug|Any CPU
		{B0107BFA-6999-4B0D-9D2E-F8AA1EDCA8A7}.Release|Any CPU.ActiveCfg = Release|Any CPU
		{B0107BFA-6999-4B0D-9D2E-F8AA1EDCA8A7}.Release|Any CPU.Build.0 = Release|Any CPU
	EndGlobalSection
	GlobalSection(SolutionProperties) = preSolution
		HideSolutionNode = FALSE
	EndGlobalSection
	GlobalSection(ExtensibilityGlobals) = postSolution
		SolutionGuid = {5F90D0B4-D3E8-4C33-A6A1-0B83A2706351}
	EndGlobalSection
EndGlobal
